
Microsoft Visual Studio Solution File, Format Version 11.00
# Visual Studio 2010
Project("{FAE04EC0-301F-11D3-BF4B-00C04F79EFBC}") = "Assembly-CSharp", "Assembly-CSharp.csproj", "{0BA5A5CB-B439-CD28-9D88-749A40B9ADAD}"
EndProject
Global
	GlobalSection(SolutionConfigurationPlatforms) = preSolution
		Debug|Any CPU = Debug|Any CPU
		Release|Any CPU = Release|Any CPU
	EndGlobalSection
	GlobalSection(ProjectConfigurationPlatforms) = postSolution
		{0BA5A5CB-B439-CD28-9D88-749A40B9ADAD}.Debug|Any CPU.ActiveCfg = Debug|Any CPU
		{0BA5A5CB-B439-CD28-9D88-749A40B9ADAD}.Debug|Any CPU.Build.0 = Debug|Any CPU
		{0BA5A5CB-B439-CD28-9D88-749A40B9ADAD}.Release|Any CPU.ActiveCfg = Release|Any CPU
		{0BA5A5CB-B439-CD28-9D88-749A40B9ADAD}.Release|Any CPU.Build.0 = Release|Any CPU
	EndGlobalSection
	GlobalSection(SolutionProperties) = preSolution
		HideSolutionNode = FALSE
	EndGlobalSection
	GlobalSection(MonoDevelopProperties) = preSolution
		StartupItem = Assembly-CSharp.csproj
	EndGlobalSection
EndGlobal
